// !$*UTF8*$!
{
	archiveVersion = 1;
	classes = {
	};
	objectVersion = 77;
	objects = {

/* Begin PBXBuildFile section */
		027FFFE72F5C809600DA091A /* icon.svg in Resources */ = {isa = PBXBuildFile; fileRef = 027FFFE62F5C809600DA091A /* icon.svg */; };
		027FFFE82F5C809600DA091A /* icon.svg in Resources */ = {isa = PBXBuildFile; fileRef = 027FFFE62F5C809600DA091A /* icon.svg */; };
		029E16012F5C78D600141CC4 /* AppDelegate.swift in Sources */ = {isa = PBXBuildFile; fileRef = 029E16002F5C78D600141CC4 /* AppDelegate.swift */; };
		029E16032F5C78D600141CC4 /* SceneDelegate.swift in Sources */ = {isa = PBXBuildFile; fileRef = 029E16022F5C78D600141CC4 /* SceneDelegate.swift */; };
		029E16062F5C78D600141CC4 /* LaunchScreen.storyboard in Resources */ = {isa = PBXBuildFile; fileRef = 029E16042F5C78D600141CC4 /* LaunchScreen.storyboard */; };
		029E16092F5C78D600141CC4 /* Main.storyboard in Resources */ = {isa = PBXBuildFile; fileRef = 029E16072F5C78D600141CC4 /* Main.storyboard */; };
		029E16122F5C78D600141CC4 /* AppDelegate.swift in Sources */ = {isa = PBXBuildFile; fileRef = 029E16112F5C78D600141CC4 /* AppDelegate.swift */; };
		029E16152F5C78D600141CC4 /* Main.storyboard in Resources */ = {isa = PBXBuildFile; fileRef = 029E16132F5C78D600141CC4 /* Main.storyboard */; };
		029E161C2F5C78D600141CC4 /* HiveCache Extension.appex in Embed Foundation Extensions */ = {isa = PBXBuildFile; fileRef = 029E161B2F5C78D600141CC4 /* HiveCache Extension.appex */; settings = {ATTRIBUTES = (RemoveHeadersOnCopy, ); }; };
		029E16262F5C78D600141CC4 /* HiveCache Extension.appex in Embed Foundation Extensions */ = {isa = PBXBuildFile; fileRef = 029E16252F5C78D600141CC4 /* HiveCache Extension.appex */; settings = {ATTRIBUTES = (RemoveHeadersOnCopy, ); }; };
		029E162B2F5C78D600141CC4 /* Main.html in Resources */ = {isa = PBXBuildFile; fileRef = 029E15F02F5C78D600141CC4 /* Main.html */; };
		029E162C2F5C78D600141CC4 /* Main.html in Resources */ = {isa = PBXBuildFile; fileRef = 029E15F02F5C78D600141CC4 /* Main.html */; };
		029E162F2F5C78D600141CC4 /* Style.css in Resources */ = {isa = PBXBuildFile; fileRef = 029E15F32F5C78D600141CC4 /* Style.css */; };
		029E16302F5C78D600141CC4 /* Style.css in Resources */ = {isa = PBXBuildFile; fileRef = 029E15F32F5C78D600141CC4 /* Style.css */; };
		029E16312F5C78D600141CC4 /* Script.js in Resources */ = {isa = PBXBuildFile; fileRef = 029E15F42F5C78D600141CC4 /* Script.js */; };
		029E16322F5C78D600141CC4 /* Script.js in Resources */ = {isa = PBXBuildFile; fileRef = 029E15F42F5C78D600141CC4 /* Script.js */; };
		029E16332F5C78D600141CC4 /* ViewController.swift in Sources */ = {isa = PBXBuildFile; fileRef = 029E15F52F5C78D600141CC4 /* ViewController.swift */; };
		029E16342F5C78D600141CC4 /* ViewController.swift in Sources */ = {isa = PBXBuildFile; fileRef = 029E15F52F5C78D600141CC4 /* ViewController.swift */; };
		029E16352F5C78D600141CC4 /* Assets.xcassets in Resources */ = {isa = PBXBuildFile; fileRef = 029E15F62F5C78D600141CC4 /* Assets.xcassets */; };
		029E16362F5C78D600141CC4 /* Assets.xcassets in Resources */ = {isa = PBXBuildFile; fileRef = 029E15F62F5C78D600141CC4 /* Assets.xcassets */; };
		029E16372F5C78D600141CC4 /* SafariWebExtensionHandler.swift in Sources */ = {isa = PBXBuildFile; fileRef = 029E15F82F5C78D600141CC4 /* SafariWebExtensionHandler.swift */; };
		029E16382F5C78D600141CC4 /* SafariWebExtensionHandler.swift in Sources */ = {isa = PBXBuildFile; fileRef = 029E15F82F5C78D600141CC4 /* SafariWebExtensionHandler.swift */; };
		029E16602F5C78D700141CC4 /* popup.js in Resources */ = {isa = PBXBuildFile; fileRef = 029E164A2F5C78D700141CC4 /* popup.js */; };
		029E16612F5C78D700141CC4 /* background.js in Resources */ = {isa = PBXBuildFile; fileRef = 029E164C2F5C78D700141CC4 /* background.js */; };
		029E16622F5C78D700141CC4 /* popup.html in Resources */ = {isa = PBXBuildFile; fileRef = 029E164D2F5C78D700141CC4 /* popup.html */; };
		029E16642F5C78D700141CC4 /* options.js in Resources */ = {isa = PBXBuildFile; fileRef = 029E164F2F5C78D700141CC4 /* options.js */; };
		029E16682F5C78D700141CC4 /* icons in Resources */ = {isa = PBXBuildFile; fileRef = 029E16552F5C78D700141CC4 /* icons */; };
		029E16692F5C78D700141CC4 /* manifest.json in Resources */ = {isa = PBXBuildFile; fileRef = 029E16562F5C78D700141CC4 /* manifest.json */; };
		029E166A2F5C78D700141CC4 /* manifest-dev.json in Resources */ = {isa = PBXBuildFile; fileRef = 029E16572F5C78D700141CC4 /* manifest-dev.json */; };
		029E166B2F5C78D700141CC4 /* lib in Resources */ = {isa = PBXBuildFile; fileRef = 029E16582F5C78D700141CC4 /* lib */; };
		029E166D2F5C78D700141CC4 /* options.html in Resources */ = {isa = PBXBuildFile; fileRef = 029E165A2F5C78D700141CC4 /* options.html */; };
		029E166E2F5C78D700141CC4 /* content.js in Resources */ = {isa = PBXBuildFile; fileRef = 029E165B2F5C78D700141CC4 /* content.js */; };
		029E166F2F5C78D700141CC4 /* manifest-prod.json in Resources */ = {isa = PBXBuildFile; fileRef = 029E165D2F5C78D700141CC4 /* manifest-prod.json */; };
		029E16712F5C78D700141CC4 /* popup.js in Resources */ = {isa = PBXBuildFile; fileRef = 029E164A2F5C78D700141CC4 /* popup.js */; };
		029E16722F5C78D700141CC4 /* background.js in Resources */ = {isa = PBXBuildFile; fileRef = 029E164C2F5C78D700141CC4 /* background.js */; };
		029E16732F5C78D700141CC4 /* popup.html in Resources */ = {isa = PBXBuildFile; fileRef = 029E164D2F5C78D700141CC4 /* popup.html */; };
		029E16752F5C78D700141CC4 /* options.js in Resources */ = {isa = PBXBuildFile; fileRef = 029E164F2F5C78D700141CC4 /* options.js */; };
		029E16792F5C78D700141CC4 /* icons in Resources */ = {isa = PBXBuildFile; fileRef = 029E16552F5C78D700141CC4 /* icons */; };
		029E167A2F5C78D700141CC4 /* manifest.json in Resources */ = {isa = PBXBuildFile; fileRef = 029E16562F5C78D700141CC4 /* manifest.json */; };
		029E167B2F5C78D700141CC4 /* manifest-dev.json in Resources */ = {isa = PBXBuildFile; fileRef = 029E16572F5C78D700141CC4 /* manifest-dev.json */; };
		029E167C2F5C78D700141CC4 /* lib in Resources */ = {isa = PBXBuildFile; fileRef = 029E16582F5C78D700141CC4 /* lib */; };
		029E167E2F5C78D700141CC4 /* options.html in Resources */ = {isa = PBXBuildFile; fileRef = 029E165A2F5C78D700141CC4 /* options.html */; };
		029E167F2F5C78D700141CC4 /* content.js in Resources */ = {isa = PBXBuildFile; fileRef = 029E165B2F5C78D700141CC4 /* content.js */; };
		029E16802F5C78D700141CC4 /* manifest-prod.json in Resources */ = {isa = PBXBuildFile; fileRef = 029E165D2F5C78D700141CC4 /* manifest-prod.json */; };
/* End PBXBuildFile section */

/* Begin PBXContainerItemProxy section */
		029E161D2F5C78D600141CC4 /* PBXContainerItemProxy */ = {
			isa = PBXContainerItemProxy;
			containerPortal = 029E15EA2F5C78D600141CC4 /* Project object */;
			proxyType = 1;
			remoteGlobalIDString = 029E161A2F5C78D600141CC4;
			remoteInfo = "HiveCache Extension (iOS)";
		};
		029E16272F5C78D600141CC4 /* PBXContainerItemProxy */ = {
			isa = PBXContainerItemProxy;
			containerPortal = 029E15EA2F5C78D600141CC4 /* Project object */;
			proxyType = 1;
			remoteGlobalIDString = 029E16242F5C78D600141CC4;
			remoteInfo = "HiveCache Extension (macOS)";
		};
/* End PBXContainerItemProxy section */

/* Begin PBXCopyFilesBuildPhase section */
		029E163E2F5C78D600141CC4 /* Embed Foundation Extensions */ = {
			isa = PBXCopyFilesBuildPhase;
			buildActionMask = 2147483647;
			dstPath = "";
			dstSubfolderSpec = 13;
			files = (
				029E161C2F5C78D600141CC4 /* HiveCache Extension.appex in Embed Foundation Extensions */,
			);
			name = "Embed Foundation Extensions";
			runOnlyForDeploymentPostprocessing = 0;
		};
		029E16452F5C78D600141CC4 /* Embed Foundation Extensions */ = {
			isa = PBXCopyFilesBuildPhase;
			buildActionMask = 2147483647;
			dstPath = "";
			dstSubfolderSpec = 13;
			files = (
				029E16262F5C78D600141CC4 /* HiveCache Extension.appex in Embed Foundation Extensions */,
			);
			name = "Embed Foundation Extensions";
			runOnlyForDeploymentPostprocessing = 0;
		};
/* End PBXCopyFilesBuildPhase section */

/* Begin PBXFileReference section */
		027FFFE62F5C809600DA091A /* icon.svg */ = {isa = PBXFileReference; lastKnownFileType = text.xml; path = icon.svg; sourceTree = "<group>"; };
		029E15F12F5C78D600141CC4 /* Base */ = {isa = PBXFileReference; lastKnownFileType = text.html; name = Base; path = Base.lproj/Main.html; sourceTree = "<group>"; };
		029E15F32F5C78D600141CC4 /* Style.css */ = {isa = PBXFileReference; lastKnownFileType = text.css; path = Style.css; sourceTree = "<group>"; };
		029E15F42F5C78D600141CC4 /* Script.js */ = {isa = PBXFileReference; lastKnownFileType = sourcecode.javascript; path = Script.js; sourceTree = "<group>"; };
		029E15F52F5C78D600141CC4 /* ViewController.swift */ = {isa = PBXFileReference; lastKnownFileType = sourcecode.swift; path = ViewController.swift; sourceTree = "<group>"; };
		029E15F62F5C78D600141CC4 /* Assets.xcassets */ = {isa = PBXFileReference; lastKnownFileType = folder.assetcatalog; path = Assets.xcassets; sourceTree = "<group>"; };
		029E15F82F5C78D600141CC4 /* SafariWebExtensionHandler.swift */ = {isa = PBXFileReference; lastKnownFileType = sourcecode.swift; path = SafariWebExtensionHandler.swift; sourceTree = "<group>"; };
		029E15FD2F5C78D600141CC4 /* HiveCache.app */ = {isa = PBXFileReference; explicitFileType = wrapper.application; includeInIndex = 0; path = HiveCache.app; sourceTree = BUILT_PRODUCTS_DIR; };
		029E16002F5C78D600141CC4 /* AppDelegate.swift */ = {isa = PBXFileReference; lastKnownFileType = sourcecode.swift; path = AppDelegate.swift; sourceTree = "<group>"; };
		029E16022F5C78D600141CC4 /* SceneDelegate.swift */ = {isa = PBXFileReference; lastKnownFileType = sourcecode.swift; path = SceneDelegate.swift; sourceTree = "<group>"; };
		029E16052F5C78D600141CC4 /* Base */ = {isa = PBXFileReference; lastKnownFileType = file.storyboard; name = Base; path = Base.lproj/LaunchScreen.storyboard; sourceTree = "<group>"; };
		029E16082F5C78D600141CC4 /* Base */ = {isa = PBXFileReference; lastKnownFileType = file.storyboard; name = Base; path = Base.lproj/Main.storyboard; sourceTree = "<group>"; };
		029E160A2F5C78D600141CC4 /* Info.plist */ = {isa = PBXFileReference; lastKnownFileType = text.plist.xml; path = Info.plist; sourceTree = "<group>"; };
		029E160F2F5C78D600141CC4 /* HiveCache.app */ = {isa = PBXFileReference; explicitFileType = wrapper.application; includeInIndex = 0; path = HiveCache.app; sourceTree = BUILT_PRODUCTS_DIR; };
		029E16112F5C78D600141CC4 /* AppDelegate.swift */ = {isa = PBXFileReference; lastKnownFileType = sourcecode.swift; path = AppDelegate.swift; sourceTree = "<group>"; };
		029E16142F5C78D600141CC4 /* Base */ = {isa = PBXFileReference; lastKnownFileType = file.storyboard; name = Base; path = Base.lproj/Main.storyboard; sourceTree = "<group>"; };
		029E16162F5C78D600141CC4 /* Info.plist */ = {isa = PBXFileReference; lastKnownFileType = text.plist.xml; path = Info.plist; sourceTree = "<group>"; };
		029E161B2F5C78D600141CC4 /* HiveCache Extension.appex */ = {isa = PBXFileReference; explicitFileType = "wrapper.app-extension"; includeInIndex = 0; path = "HiveCache Extension.appex"; sourceTree = BUILT_PRODUCTS_DIR; };
		029E16202F5C78D600141CC4 /* Info.plist */ = {isa = PBXFileReference; lastKnownFileType = text.plist.xml; path = Info.plist; sourceTree = "<group>"; };
		029E16252F5C78D600141CC4 /* HiveCache Extension.appex */ = {isa = PBXFileReference; explicitFileType = "wrapper.app-extension"; includeInIndex = 0; path = "HiveCache Extension.appex"; sourceTree = BUILT_PRODUCTS_DIR; };
		029E162A2F5C78D600141CC4 /* Info.plist */ = {isa = PBXFileReference; lastKnownFileType = text.plist.xml; path = Info.plist; sourceTree = "<group>"; };
		029E164A2F5C78D700141CC4 /* popup.js */ = {isa = PBXFileReference; lastKnownFileType = sourcecode.javascript; name = popup.js; path = ../../extension/popup.js; sourceTree = "<group>"; };
		029E164C2F5C78D700141CC4 /* background.js */ = {isa = PBXFileReference; lastKnownFileType = sourcecode.javascript; name = background.js; path = ../../extension/background.js; sourceTree = "<group>"; };
		029E164D2F5C78D700141CC4 /* popup.html */ = {isa = PBXFileReference; lastKnownFileType = text.html; name = popup.html; path = ../../extension/popup.html; sourceTree = "<group>"; };
		029E164F2F5C78D700141CC4 /* options.js */ = {isa = PBXFileReference; lastKnownFileType = sourcecode.javascript; name = options.js; path = ../../extension/options.js; sourceTree = "<group>"; };
		029E16552F5C78D700141CC4 /* icons */ = {isa = PBXFileReference; lastKnownFileType = folder; name = icons; path = ../../extension/icons; sourceTree = "<group>"; };
		029E16562F5C78D700141CC4 /* manifest.json */ = {isa = PBXFileReference; lastKnownFileType = text.json; name = manifest.json; path = ../../extension/manifest.json; sourceTree = "<group>"; };
		029E16572F5C78D700141CC4 /* manifest-dev.json */ = {isa = PBXFileReference; lastKnownFileType = text.json; name = "manifest-dev.json"; path = "../../extension/manifest-dev.json"; sourceTree = "<group>"; };
		029E16582F5C78D700141CC4 /* lib */ = {isa = PBXFileReference; lastKnownFileType = folder; name = lib; path = ../../extension/lib; sourceTree = "<group>"; };
		029E165A2F5C78D700141CC4 /* options.html */ = {isa = PBXFileReference; lastKnownFileType = text.html; name = options.html; path = ../../extension/options.html; sourceTree = "<group>"; };
		029E165B2F5C78D700141CC4 /* content.js */ = {isa = PBXFileReference; lastKnownFileType = sourcecode.javascript; name = content.js; path = ../../extension/content.js; sourceTree = "<group>"; };
		029E165D2F5C78D700141CC4 /* manifest-prod.json */ = {isa = PBXFileReference; lastKnownFileType = text.json; name = "manifest-prod.json"; path = "../../extension/manifest-prod.json"; sourceTree = "<group>"; };
/* End PBXFileReference section */

/* Begin PBXFrameworksBuildPhase section */
		029E15FA2F5C78D600141CC4 /* Frameworks */ = {
			isa = PBXFrameworksBuildPhase;
			buildActionMask = 2147483647;
			files = (
			);
			runOnlyForDeploymentPostprocessing = 0;
		};
		029E160C2F5C78D600141CC4 /* Frameworks */ = {
			isa = PBXFrameworksBuildPhase;
			buildActionMask = 2147483647;
			files = (
			);
			runOnlyForDeploymentPostprocessing = 0;
		};
		029E16182F5C78D600141CC4 /* Frameworks */ = {
			isa = PBXFrameworksBuildPhase;
			buildActionMask = 2147483647;
			files = (
			);
			runOnlyForDeploymentPostprocessing = 0;
		};
		029E16222F5C78D600141CC4 /* Frameworks */ = {
			isa = PBXFrameworksBuildPhase;
			buildActionMask = 2147483647;
			files = (
			);
			runOnlyForDeploymentPostprocessing = 0;
		};
/* End PBXFrameworksBuildPhase section */

/* Begin PBXGroup section */
		029E15E92F5C78D600141CC4 = {
			isa = PBXGroup;
			children = (
				029E15EE2F5C78D600141CC4 /* Shared (App) */,
				029E15F72F5C78D600141CC4 /* Shared (Extension) */,
				029E15FF2F5C78D600141CC4 /* iOS (App) */,
				029E16102F5C78D600141CC4 /* macOS (App) */,
				029E161F2F5C78D600141CC4 /* iOS (Extension) */,
				029E16292F5C78D600141CC4 /* macOS (Extension) */,
				029E15FE2F5C78D600141CC4 /* Products */,
			);
			sourceTree = "<group>";
		};
		029E15EE2F5C78D600141CC4 /* Shared (App) */ = {
			isa = PBXGroup;
			children = (
				029E15F52F5C78D600141CC4 /* ViewController.swift */,
				029E15F62F5C78D600141CC4 /* Assets.xcassets */,
				029E15EF2F5C78D600141CC4 /* Resources */,
			);
			path = "Shared (App)";
			sourceTree = "<group>";
		};
		029E15EF2F5C78D600141CC4 /* Resources */ = {
			isa = PBXGroup;
			children = (
				027FFFE62F5C809600DA091A /* icon.svg */,
				029E15F02F5C78D600141CC4 /* Main.html */,
				029E15F32F5C78D600141CC4 /* Style.css */,
				029E15F42F5C78D600141CC4 /* Script.js */,
			);
			path = Resources;
			sourceTree = "<group>";
		};
		029E15F72F5C78D600141CC4 /* Shared (Extension) */ = {
			isa = PBXGroup;
			children = (
				029E16492F5C78D700141CC4 /* Resources */,
				029E15F82F5C78D600141CC4 /* SafariWebExtensionHandler.swift */,
			);
			path = "Shared (Extension)";
			sourceTree = "<group>";
		};
		029E15FE2F5C78D600141CC4 /* Products */ = {
			isa = PBXGroup;
			children = (
				029E15FD2F5C78D600141CC4 /* HiveCache.app */,
				029E160F2F5C78D600141CC4 /* HiveCache.app */,
				029E161B2F5C78D600141CC4 /* HiveCache Extension.appex */,
				029E16252F5C78D600141CC4 /* HiveCache Extension.appex */,
			);
			name = Products;
			sourceTree = "<group>";
		};
		029E15FF2F5C78D600141CC4 /* iOS (App) */ = {
			isa = PBXGroup;
			children = (
				029E16002F5C78D600141CC4 /* AppDelegate.swift */,
				029E16022F5C78D600141CC4 /* SceneDelegate.swift */,
				029E16042F5C78D600141CC4 /* LaunchScreen.storyboard */,
				029E16072F5C78D600141CC4 /* Main.storyboard */,
				029E160A2F5C78D600141CC4 /* Info.plist */,
			);
			path = "iOS (App)";
			sourceTree = "<group>";
		};
		029E16102F5C78D600141CC4 /* macOS (App) */ = {
			isa = PBXGroup;
			children = (
				029E16112F5C78D600141CC4 /* AppDelegate.swift */,
				029E16132F5C78D600141CC4 /* Main.storyboard */,
				029E16162F5C78D600141CC4 /* Info.plist */,
			);
			path = "macOS (App)";
			sourceTree = "<group>";
		};
		029E161F2F5C78D600141CC4 /* iOS (Extension) */ = {
			isa = PBXGroup;
			children = (
				029E16202F5C78D600141CC4 /* Info.plist */,
			);
			path = "iOS (Extension)";
			sourceTree = "<group>";
		};
		029E16292F5C78D600141CC4 /* macOS (Extension) */ = {
			isa = PBXGroup;
			children = (
				029E162A2F5C78D600141CC4 /* Info.plist */,
			);
			path = "macOS (Extension)";
			sourceTree = "<group>";
		};
		029E16492F5C78D700141CC4 /* Resources */ = {
			isa = PBXGroup;
			children = (
				029E164A2F5C78D700141CC4 /* popup.js */,
				029E164C2F5C78D700141CC4 /* background.js */,
				029E164D2F5C78D700141CC4 /* popup.html */,
				029E164F2F5C78D700141CC4 /* options.js */,
				029E16552F5C78D700141CC4 /* icons */,
				029E16562F5C78D700141CC4 /* manifest.json */,
				029E16572F5C78D700141CC4 /* manifest-dev.json */,
				029E16582F5C78D700141CC4 /* lib */,
				029E165A2F5C78D700141CC4 /* options.html */,
				029E165B2F5C78D700141CC4 /* content.js */,
				029E165D2F5C78D700141CC4 /* manifest-prod.json */,
			);
			name = Resources;
			path = "Shared (Extension)";
			sourceTree = SOURCE_ROOT;
		};
/* End PBXGroup section */

/* Begin PBXNativeTarget section */
		029E15FC2F5C78D600141CC4 /* HiveCache (iOS) */ = {
			isa = PBXNativeTarget;
			buildConfigurationList = 029E163F2F5C78D600141CC4 /* Build configuration list for PBXNativeTarget "HiveCache (iOS)" */;
			buildPhases = (
				029E15F92F5C78D600141CC4 /* Sources */,
				029E15FA2F5C78D600141CC4 /* Frameworks */,
				029E15FB2F5C78D600141CC4 /* Resources */,
				029E163E2F5C78D600141CC4 /* Embed Foundation Extensions */,
			);
			buildRules = (
			);
			dependencies = (
				029E161E2F5C78D600141CC4 /* PBXTargetDependency */,
			);
			name = "HiveCache (iOS)";
			packageProductDependencies = (
			);
			productName = "HiveCache (iOS)";
			productReference = 029E15FD2F5C78D600141CC4 /* HiveCache.app */;
			productType = "com.apple.product-type.application";
		};
		029E160E2F5C78D600141CC4 /* HiveCache (macOS) */ = {
			isa = PBXNativeTarget;
			buildConfigurationList = 029E16462F5C78D600141CC4 /* Build configuration list for PBXNativeTarget "HiveCache (macOS)" */;
			buildPhases = (
				029E160B2F5C78D600141CC4 /* Sources */,
				029E160C2F5C78D600141CC4 /* Frameworks */,
				029E160D2F5C78D600141CC4 /* Resources */,
				029E16452F5C78D600141CC4 /* Embed Foundation Extensions */,
			);
			buildRules = (
			);
			dependencies = (
				029E16282F5C78D600141CC4 /* PBXTargetDependency */,
			);
			name = "HiveCache (macOS)";
			packageProductDependencies = (
			);
			productName = "HiveCache (macOS)";
			productReference = 029E160F2F5C78D600141CC4 /* HiveCache.app */;
			productType = "com.apple.product-type.application";
		};
		029E161A2F5C78D600141CC4 /* HiveCache Extension (iOS) */ = {
			isa = PBXNativeTarget;
			buildConfigurationList = 029E163B2F5C78D600141CC4 /* Build configuration list for PBXNativeTarget "HiveCache Extension (iOS)" */;
			buildPhases = (
				029E16172F5C78D600141CC4 /* Sources */,
				029E16182F5C78D600141CC4 /* Frameworks */,
				029E16902F5C78D700141CC4 /* Copy Manifest for Dev/Prod */,
				029E16192F5C78D600141CC4 /* Resources */,
			);
			buildRules = (
			);
			dependencies = (
			);
			name = "HiveCache Extension (iOS)";
			packageProductDependencies = (
			);
			productName = "HiveCache Extension (iOS)";
			productReference = 029E161B2F5C78D600141CC4 /* HiveCache Extension.appex */;
			productType = "com.apple.product-type.app-extension";
		};
		029E16242F5C78D600141CC4 /* HiveCache Extension (macOS) */ = {
			isa = PBXNativeTarget;
			buildConfigurationList = 029E16422F5C78D600141CC4 /* Build configuration list for PBXNativeTarget "HiveCache Extension (macOS)" */;
			buildPhases = (
				029E16212F5C78D600141CC4 /* Sources */,
				029E16222F5C78D600141CC4 /* Frameworks */,
				029E16912F5C78D700141CC4 /* Copy Manifest for Dev/Prod */,
				029E16232F5C78D600141CC4 /* Resources */,
			);
			buildRules = (
			);
			dependencies = (
			);
			name = "HiveCache Extension (macOS)";
			packageProductDependencies = (
			);
			productName = "HiveCache Extension (macOS)";
			productReference = 029E16252F5C78D600141CC4 /* HiveCache Extension.appex */;
			productType = "com.apple.product-type.app-extension";
		};
/* End PBXNativeTarget section */

/* Begin PBXProject section */
		029E15EA2F5C78D600141CC4 /* Project object */ = {
			isa = PBXProject;
			attributes = {
				BuildIndependentTargetsInParallel = 1;
				LastSwiftUpdateCheck = 2620;
				LastUpgradeCheck = 2620;
				TargetAttributes = {
					029E15FC2F5C78D600141CC4 = {
						CreatedOnToolsVersion = 26.2;
					};
					029E160E2F5C78D600141CC4 = {
						CreatedOnToolsVersion = 26.2;
					};
					029E161A2F5C78D600141CC4 = {
						CreatedOnToolsVersion = 26.2;
					};
					029E16242F5C78D600141CC4 = {
						CreatedOnToolsVersion = 26.2;
					};
				};
			};
			buildConfigurationList = 029E15ED2F5C78D600141CC4 /* Build configuration list for PBXProject "HiveCache" */;
			developmentRegion = en;
			hasScannedForEncodings = 0;
			knownRegions = (
				en,
				Base,
			);
			mainGroup = 029E15E92F5C78D600141CC4;
			minimizedProjectReferenceProxies = 1;
			preferredProjectObjectVersion = 77;
			productRefGroup = 029E15FE2F5C78D600141CC4 /* Products */;
			projectDirPath = "";
			projectRoot = "";
			targets = (
				029E15FC2F5C78D600141CC4 /* HiveCache (iOS) */,
				029E160E2F5C78D600141CC4 /* HiveCache (macOS) */,
				029E161A2F5C78D600141CC4 /* HiveCache Extension (iOS) */,
				029E16242F5C78D600141CC4 /* HiveCache Extension (macOS) */,
			);
		};
/* End PBXProject section */

/* Begin PBXResourcesBuildPhase section */
		029E15FB2F5C78D600141CC4 /* Resources */ = {
			isa = PBXResourcesBuildPhase;
			buildActionMask = 2147483647;
			files = (
				029E16062F5C78D600141CC4 /* LaunchScreen.storyboard in Resources */,
				029E162B2F5C78D600141CC4 /* Main.html in Resources */,
				029E16312F5C78D600141CC4 /* Script.js in Resources */,
				029E16352F5C78D600141CC4 /* Assets.xcassets in Resources */,
				029E16092F5C78D600141CC4 /* Main.storyboard in Resources */,
				029E162F2F5C78D600141CC4 /* Style.css in Resources */,
				027FFFE82F5C809600DA091A /* icon.svg in Resources */,
			);
			runOnlyForDeploymentPostprocessing = 0;
		};
		029E160D2F5C78D600141CC4 /* Resources */ = {
			isa = PBXResourcesBuildPhase;
			buildActionMask = 2147483647;
			files = (
				029E16302F5C78D600141CC4 /* Style.css in Resources */,
				027FFFE72F5C809600DA091A /* icon.svg in Resources */,
				029E16152F5C78D600141CC4 /* Main.storyboard in Resources */,
				029E16322F5C78D600141CC4 /* Script.js in Resources */,
				029E16362F5C78D600141CC4 /* Assets.xcassets in Resources */,
				029E162C2F5C78D600141CC4 /* Main.html in Resources */,
			);
			runOnlyForDeploymentPostprocessing = 0;
		};
		029E16192F5C78D600141CC4 /* Resources */ = {
			isa = PBXResourcesBuildPhase;
			buildActionMask = 2147483647;
			files = (
				029E16722F5C78D700141CC4 /* background.js in Resources */,
				029E16802F5C78D700141CC4 /* manifest-prod.json in Resources */,
				029E167A2F5C78D700141CC4 /* manifest.json in Resources */,
				029E16732F5C78D700141CC4 /* popup.html in Resources */,
				029E16792F5C78D700141CC4 /* icons in Resources */,
				029E167B2F5C78D700141CC4 /* manifest-dev.json in Resources */,
				029E167E2F5C78D700141CC4 /* options.html in Resources */,
				029E167C2F5C78D700141CC4 /* lib in Resources */,
				029E167F2F5C78D700141CC4 /* content.js in Resources */,
				029E16712F5C78D700141CC4 /* popup.js in Resources */,
				029E16752F5C78D700141CC4 /* options.js in Resources */,
			);
			runOnlyForDeploymentPostprocessing = 0;
		};
		029E16232F5C78D600141CC4 /* Resources */ = {
			isa = PBXResourcesBuildPhase;
			buildActionMask = 2147483647;
			files = (
				029E16612F5C78D700141CC4 /* background.js in Resources */,
				029E166F2F5C78D700141CC4 /* manifest-prod.json in Resources */,
				029E16692F5C78D700141CC4 /* manifest.json in Resources */,
				029E16622F5C78D700141CC4 /* popup.html in Resources */,
				029E16682F5C78D700141CC4 /* icons in Resources */,
				029E166A2F5C78D700141CC4 /* manifest-dev.json in Resources */,
				029E166D2F5C78D700141CC4 /* options.html in Resources */,
				029E166B2F5C78D700141CC4 /* lib in Resources */,
				029E166E2F5C78D700141CC4 /* content.js in Resources */,
				029E16602F5C78D700141CC4 /* popup.js in Resources */,
				029E16642F5C78D700141CC4 /* options.js in Resources */,
			);
			runOnlyForDeploymentPostprocessing = 0;
		};
/* End PBXResourcesBuildPhase section */

/* Begin PBXShellScriptBuildPhase section */
		029E16902F5C78D700141CC4 /* Copy Manifest for Dev/Prod */ = {
			isa = PBXShellScriptBuildPhase;
			alwaysOutOfDate = 1;
			buildActionMask = 2147483647;
			files = (
			);
			inputFileListPaths = (
			);
			inputPaths = (
			);
			name = "Copy Manifest for Dev/Prod";
			outputFileListPaths = (
			);
			outputPaths = (
			);
			runOnlyForDeploymentPostprocessing = 0;
			shellPath = /bin/sh;
			shellScript = "set -e\nEXTENSION_DIR=\"${SRCROOT}/../extension\"\nif [ \"${CONFIGURATION}\" = \"Release\" ]; then\n  cp \"${EXTENSION_DIR}/manifest-prod.json\" \"${EXTENSION_DIR}/manifest.json\"\nelse\n  cp \"${EXTENSION_DIR}/manifest-dev.json\" \"${EXTENSION_DIR}/manifest.json\"\nfi\n";
		};
		029E16912F5C78D700141CC4 /* Copy Manifest for Dev/Prod */ = {
			isa = PBXShellScriptBuildPhase;
			alwaysOutOfDate = 1;
			buildActionMask = 2147483647;
			files = (
			);
			inputFileListPaths = (
			);
			inputPaths = (
			);
			name = "Copy Manifest for Dev/Prod";
			outputFileListPaths = (
			);
			outputPaths = (
			);
			runOnlyForDeploymentPostprocessing = 0;
			shellPath = /bin/sh;
			shellScript = "set -e\nEXTENSION_DIR=\"${SRCROOT}/../extension\"\nif [ \"${CONFIGURATION}\" = \"Release\" ]; then\n  cp \"${EXTENSION_DIR}/manifest-prod.json\" \"${EXTENSION_DIR}/manifest.json\"\nelse\n  cp \"${EXTENSION_DIR}/manifest-dev.json\" \"${EXTENSION_DIR}/manifest.json\"\nfi\n";
		};
/* End PBXShellScriptBuildPhase section */

/* Begin PBXSourcesBuildPhase section */
		029E15F92F5C78D600141CC4 /* Sources */ = {
			isa = PBXSourcesBuildPhase;
			buildActionMask = 2147483647;
			files = (
				029E16332F5C78D600141CC4 /* ViewController.swift in Sources */,
				029E16012F5C78D600141CC4 /* AppDelegate.swift in Sources */,
				029E16032F5C78D600141CC4 /* SceneDelegate.swift in Sources */,
			);
			runOnlyForDeploymentPostprocessing = 0;
		};
		029E160B2F5C78D600141CC4 /* Sources */ = {
			isa = PBXSourcesBuildPhase;
			buildActionMask = 2147483647;
			files = (
				029E16342F5C78D600141CC4 /* ViewController.swift in Sources */,
				029E16122F5C78D600141CC4 /* AppDelegate.swift in Sources */,
			);
			runOnlyForDeploymentPostprocessing = 0;
		};
		029E16172F5C78D600141CC4 /* Sources */ = {
			isa = PBXSourcesBuildPhase;
			buildActionMask = 2147483647;
			files = (
				029E16372F5C78D600141CC4 /* SafariWebExtensionHandler.swift in Sources */,
			);
			runOnlyForDeploymentPostprocessing = 0;
		};
		029E16212F5C78D600141CC4 /* Sources */ = {
			isa = PBXSourcesBuildPhase;
			buildActionMask = 2147483647;
			files = (
				029E16382F5C78D600141CC4 /* SafariWebExtensionHandler.swift in Sources */,
			);
			runOnlyForDeploymentPostprocessing = 0;
		};
/* End PBXSourcesBuildPhase section */

/* Begin PBXTargetDependency section */
		029E161E2F5C78D600141CC4 /* PBXTargetDependency */ = {
			isa = PBXTargetDependency;
			target = 029E161A2F5C78D600141CC4 /* HiveCache Extension (iOS) */;
			targetProxy = 029E161D2F5C78D600141CC4 /* PBXContainerItemProxy */;
		};
		029E16282F5C78D600141CC4 /* PBXTargetDependency */ = {
			isa = PBXTargetDependency;
			target = 029E16242F5C78D600141CC4 /* HiveCache Extension (macOS) */;
			targetProxy = 029E16272F5C78D600141CC4 /* PBXContainerItemProxy */;
		};
/* End PBXTargetDependency section */

/* Begin PBXVariantGroup section */
		029E15F02F5C78D600141CC4 /* Main.html */ = {
			isa = PBXVariantGroup;
			children = (
				029E15F12F5C78D600141CC4 /* Base */,
			);
			name = Main.html;
			sourceTree = "<group>";
		};
		029E16042F5C78D600141CC4 /* LaunchScreen.storyboard */ = {
			isa = PBXVariantGroup;
			children = (
				029E16052F5C78D600141CC4 /* Base */,
			);
			name = LaunchScreen.storyboard;
			sourceTree = "<group>";
		};
		029E16072F5C78D600141CC4 /* Main.storyboard */ = {
			isa = PBXVariantGroup;
			children = (
				029E16082F5C78D600141CC4 /* Base */,
			);
			name = Main.storyboard;
			sourceTree = "<group>";
		};
		029E16132F5C78D600141CC4 /* Main.storyboard */ = {
			isa = PBXVariantGroup;
			children = (
				029E16142F5C78D600141CC4 /* Base */,
			);
			name = Main.storyboard;
			sourceTree = "<group>";
		};
/* End PBXVariantGroup section */

/* Begin XCBuildConfiguration section */
		029E16392F5C78D600141CC4 /* Debug */ = {
			isa = XCBuildConfiguration;
			buildSettings = {
				ALWAYS_SEARCH_USER_PATHS = NO;
				ASSETCATALOG_COMPILER_GENERATE_SWIFT_ASSET_SYMBOL_EXTENSIONS = YES;
				CLANG_ANALYZER_NONNULL = YES;
				CLANG_ANALYZER_NUMBER_OBJECT_CONVERSION = YES_AGGRESSIVE;
				CLANG_CXX_LANGUAGE_STANDARD = "gnu++20";
				CLANG_ENABLE_MODULES = YES;
				CLANG_ENABLE_OBJC_ARC = YES;
				CLANG_ENABLE_OBJC_WEAK = YES;
				CLANG_WARN_BLOCK_CAPTURE_AUTORELEASING = YES;
				CLANG_WARN_BOOL_CONVERSION = YES;
				CLANG_WARN_COMMA = YES;
				CLANG_WARN_CONSTANT_CONVERSION = YES;
				CLANG_WARN_DEPRECATED_OBJC_IMPLEMENTATIONS = YES;
				CLANG_WARN_DIRECT_OBJC_ISA_USAGE = YES_ERROR;
				CLANG_WARN_DOCUMENTATION_COMMENTS = YES;
				CLANG_WARN_EMPTY_BODY = YES;
				CLANG_WARN_ENUM_CONVERSION = YES;
				CLANG_WARN_INFINITE_RECURSION = YES;
				CLANG_WARN_INT_CONVERSION = YES;
				CLANG_WARN_NON_LITERAL_NULL_CONVERSION = YES;
				CLANG_WARN_OBJC_IMPLICIT_RETAIN_SELF = YES;
				CLANG_WARN_OBJC_LITERAL_CONVERSION = YES;
				CLANG_WARN_OBJC_ROOT_CLASS = YES_ERROR;
				CLANG_WARN_QUOTED_INCLUDE_IN_FRAMEWORK_HEADER = YES;
				CLANG_WARN_RANGE_LOOP_ANALYSIS = YES;
				CLANG_WARN_STRICT_PROTOTYPES = YES;
				CLANG_WARN_SUSPICIOUS_MOVE = YES;
				CLANG_WARN_UNGUARDED_AVAILABILITY = YES_AGGRESSIVE;
				CLANG_WARN_UNREACHABLE_CODE = YES;
				CLANG_WARN__DUPLICATE_METHOD_MATCH = YES;
				COPY_PHASE_STRIP = NO;
				DEBUG_INFORMATION_FORMAT = dwarf;
				ENABLE_STRICT_OBJC_MSGSEND = YES;
				ENABLE_TESTABILITY = YES;
				ENABLE_USER_SCRIPT_SANDBOXING = YES;
				GCC_C_LANGUAGE_STANDARD = gnu17;
				GCC_DYNAMIC_NO_PIC = NO;
				GCC_NO_COMMON_BLOCKS = YES;
				GCC_OPTIMIZATION_LEVEL = 0;
				GCC_PREPROCESSOR_DEFINITIONS = (
					"DEBUG=1",
					"$(inherited)",
				);
				GCC_WARN_64_TO_32_BIT_CONVERSION = YES;
				GCC_WARN_ABOUT_RETURN_TYPE = YES_ERROR;
				GCC_WARN_UNDECLARED_SELECTOR = YES;
				GCC_WARN_UNINITIALIZED_AUTOS = YES_AGGRESSIVE;
				GCC_WARN_UNUSED_FUNCTION = YES;
				GCC_WARN_UNUSED_VARIABLE = YES;
				LOCALIZATION_PREFERS_STRING_CATALOGS = YES;
				MTL_ENABLE_DEBUG_INFO = INCLUDE_SOURCE;
				MTL_FAST_MATH = YES;
				ONLY_ACTIVE_ARCH = YES;
				SWIFT_ACTIVE_COMPILATION_CONDITIONS = "DEBUG $(inherited)";
				SWIFT_OPTIMIZATION_LEVEL = "-Onone";
			};
			name = Debug;
		};
		029E163A2F5C78D600141CC4 /* Release */ = {
			isa = XCBuildConfiguration;
			buildSettings = {
				ALWAYS_SEARCH_USER_PATHS = NO;
				ASSETCATALOG_COMPILER_GENERATE_SWIFT_ASSET_SYMBOL_EXTENSIONS = YES;
				CLANG_ANALYZER_NONNULL = YES;
				CLANG_ANALYZER_NUMBER_OBJECT_CONVERSION = YES_AGGRESSIVE;
				CLANG_CXX_LANGUAGE_STANDARD = "gnu++20";
				CLANG_ENABLE_MODULES = YES;
				CLANG_ENABLE_OBJC_ARC = YES;
				CLANG_ENABLE_OBJC_WEAK = YES;
				CLANG_WARN_BLOCK_CAPTURE_AUTORELEASING = YES;
				CLANG_WARN_BOOL_CONVERSION = YES;
				CLANG_WARN_COMMA = YES;
				CLANG_WARN_CONSTANT_CONVERSION = YES;
				CLANG_WARN_DEPRECATED_OBJC_IMPLEMENTATIONS = YES;
				CLANG_WARN_DIRECT_OBJC_ISA_USAGE = YES_ERROR;
				CLANG_WARN_DOCUMENTATION_COMMENTS = YES;
				CLANG_WARN_EMPTY_BODY = YES;
				CLANG_WARN_ENUM_CONVERSION = YES;
				CLANG_WARN_INFINITE_RECURSION = YES;
				CLANG_WARN_INT_CONVERSION = YES;
				CLANG_WARN_NON_LITERAL_NULL_CONVERSION = YES;
				CLANG_WARN_OBJC_IMPLICIT_RETAIN_SELF = YES;
				CLANG_WARN_OBJC_LITERAL_CONVERSION = YES;
				CLANG_WARN_OBJC_ROOT_CLASS = YES_ERROR;
				CLANG_WARN_QUOTED_INCLUDE_IN_FRAMEWORK_HEADER = YES;
				CLANG_WARN_RANGE_LOOP_ANALYSIS = YES;
				CLANG_WARN_STRICT_PROTOTYPES = YES;
				CLANG_WARN_SUSPICIOUS_MOVE = YES;
				CLANG_WARN_UNGUARDED_AVAILABILITY = YES_AGGRESSIVE;
				CLANG_WARN_UNREACHABLE_CODE = YES;
				CLANG_WARN__DUPLICATE_METHOD_MATCH = YES;
				COPY_PHASE_STRIP = NO;
				DEBUG_INFORMATION_FORMAT = "dwarf-with-dsym";
				ENABLE_NS_ASSERTIONS = NO;
				ENABLE_STRICT_OBJC_MSGSEND = YES;
				ENABLE_USER_SCRIPT_SANDBOXING = YES;
				GCC_C_LANGUAGE_STANDARD = gnu17;
				GCC_NO_COMMON_BLOCKS = YES;
				GCC_WARN_64_TO_32_BIT_CONVERSION = YES;
				GCC_WARN_ABOUT_RETURN_TYPE = YES_ERROR;
				GCC_WARN_UNDECLARED_SELECTOR = YES;
				GCC_WARN_UNINITIALIZED_AUTOS = YES_AGGRESSIVE;
				GCC_WARN_UNUSED_FUNCTION = YES;
				GCC_WARN_UNUSED_VARIABLE = YES;
				LOCALIZATION_PREFERS_STRING_CATALOGS = YES;
				MTL_ENABLE_DEBUG_INFO = NO;
				MTL_FAST_MATH = YES;
				SWIFT_COMPILATION_MODE = wholemodule;
			};
			name = Release;
		};
		029E163C2F5C78D600141CC4 /* Debug */ = {
			isa = XCBuildConfiguration;
			buildSettings = {
				CODE_SIGN_STYLE = Automatic;
				CURRENT_PROJECT_VERSION = 1;
				GENERATE_INFOPLIST_FILE = YES;
				INFOPLIST_FILE = "iOS (Extension)/Info.plist";
				INFOPLIST_KEY_CFBundleDisplayName = "HiveCache Extension";
				INFOPLIST_KEY_NSHumanReadableCopyright = "";
				IPHONEOS_DEPLOYMENT_TARGET = 15.0;
				LD_RUNPATH_SEARCH_PATHS = (
					"$(inherited)",
					"@executable_path/Frameworks",
					"@executable_path/../../Frameworks",
				);
				MARKETING_VERSION = 1.0;
				OTHER_LDFLAGS = (
					"-framework",
					SafariServices,
				);
				PRODUCT_BUNDLE_IDENTIFIER = net.hivecache.ios.extension;
				PRODUCT_NAME = "HiveCache Extension";
				SDKROOT = iphoneos;
				SKIP_INSTALL = YES;
				STRING_CATALOG_GENERATE_SYMBOLS = YES;
				SWIFT_APPROACHABLE_CONCURRENCY = YES;
				SWIFT_EMIT_LOC_STRINGS = YES;
				SWIFT_UPCOMING_FEATURE_MEMBER_IMPORT_VISIBILITY = YES;
				SWIFT_VERSION = 5.0;
				TARGETED_DEVICE_FAMILY = "1,2";
			};
			name = Debug;
		};
		029E163D2F5C78D600141CC4 /* Release */ = {
			isa = XCBuildConfiguration;
			buildSettings = {
				CODE_SIGN_STYLE = Automatic;
				CURRENT_PROJECT_VERSION = 1;
				GENERATE_INFOPLIST_FILE = YES;
				INFOPLIST_FILE = "iOS (Extension)/Info.plist";
				INFOPLIST_KEY_CFBundleDisplayName = "HiveCache Extension";
				INFOPLIST_KEY_NSHumanReadableCopyright = "";
				IPHONEOS_DEPLOYMENT_TARGET = 15.0;
				LD_RUNPATH_SEARCH_PATHS = (
					"$(inherited)",
					"@executable_path/Frameworks",
					"@executable_path/../../Frameworks",
				);
				MARKETING_VERSION = 1.0;
				OTHER_LDFLAGS = (
					"-framework",
					SafariServices,
				);
				PRODUCT_BUNDLE_IDENTIFIER = net.hivecache.ios.extension;
				PRODUCT_NAME = "HiveCache Extension";
				SDKROOT = iphoneos;
				SKIP_INSTALL = YES;
				STRING_CATALOG_GENERATE_SYMBOLS = YES;
				SWIFT_APPROACHABLE_CONCURRENCY = YES;
				SWIFT_EMIT_LOC_STRINGS = YES;
				SWIFT_UPCOMING_FEATURE_MEMBER_IMPORT_VISIBILITY = YES;
				SWIFT_VERSION = 5.0;
				TARGETED_DEVICE_FAMILY = "1,2";
				VALIDATE_PRODUCT = YES;
			};
			name = Release;
		};
		029E16402F5C78D600141CC4 /* Debug */ = {
			isa = XCBuildConfiguration;
			buildSettings = {
				ASSETCATALOG_COMPILER_APPICON_NAME = icon;
				ASSETCATALOG_COMPILER_GLOBAL_ACCENT_COLOR_NAME = AccentColor;
				CODE_SIGN_STYLE = Automatic;
				CURRENT_PROJECT_VERSION = 1;
				GENERATE_INFOPLIST_FILE = YES;
				INFOPLIST_FILE = "iOS (App)/Info.plist";
				INFOPLIST_KEY_CFBundleDisplayName = HiveCache;
				INFOPLIST_KEY_UIApplicationSupportsIndirectInputEvents = YES;
				INFOPLIST_KEY_UILaunchStoryboardName = LaunchScreen;
				INFOPLIST_KEY_UIMainStoryboardFile = Main;
				INFOPLIST_KEY_UISupportedInterfaceOrientations = "UIInterfaceOrientationPortrait UIInterfaceOrientationLandscapeLeft UIInterfaceOrientationLandscapeRight";
				INFOPLIST_KEY_UISupportedInterfaceOrientations_iPad = "UIInterfaceOrientationPortrait UIInterfaceOrientationPortraitUpsideDown UIInterfaceOrientationLandscapeLeft UIInterfaceOrientationLandscapeRight";
				IPHONEOS_DEPLOYMENT_TARGET = 15.0;
				LD_RUNPATH_SEARCH_PATHS = (
					"$(inherited)",
					"@executable_path/Frameworks",
				);
				MARKETING_VERSION = 1.0;
				OTHER_LDFLAGS = (
					"-framework",
					SafariServices,
					"-framework",
					WebKit,
				);
				PRODUCT_BUNDLE_IDENTIFIER = net.hivecache.ios;
				PRODUCT_NAME = HiveCache;
				SDKROOT = iphoneos;
				STRING_CATALOG_GENERATE_SYMBOLS = YES;
				SWIFT_APPROACHABLE_CONCURRENCY = YES;
				SWIFT_DEFAULT_ACTOR_ISOLATION = MainActor;
				SWIFT_EMIT_LOC_STRINGS = YES;
				SWIFT_UPCOMING_FEATURE_MEMBER_IMPORT_VISIBILITY = YES;
				SWIFT_VERSION = 5.0;
				TARGETED_DEVICE_FAMILY = "1,2";
			};
			name = Debug;
		};
		029E16412F5C78D600141CC4 /* Release */ = {
			isa = XCBuildConfiguration;
			buildSettings = {
				ASSETCATALOG_COMPILER_APPICON_NAME = icon;
				ASSETCATALOG_COMPILER_GLOBAL_ACCENT_COLOR_NAME = AccentColor;
				CODE_SIGN_STYLE = Automatic;
				CURRENT_PROJECT_VERSION = 1;
				GENERATE_INFOPLIST_FILE = YES;
				INFOPLIST_FILE = "iOS (App)/Info.plist";
				INFOPLIST_KEY_CFBundleDisplayName = HiveCache;
				INFOPLIST_KEY_UIApplicationSupportsIndirectInputEvents = YES;
				INFOPLIST_KEY_UILaunchStoryboardName = LaunchScreen;
				INFOPLIST_KEY_UIMainStoryboardFile = Main;
				INFOPLIST_KEY_UISupportedInterfaceOrientations = "UIInterfaceOrientationPortrait UIInterfaceOrientationLandscapeLeft UIInterfaceOrientationLandscapeRight";
				INFOPLIST_KEY_UISupportedInterfaceOrientations_iPad = "UIInterfaceOrientationPortrait UIInterfaceOrientationPortraitUpsideDown UIInterfaceOrientationLandscapeLeft UIInterfaceOrientationLandscapeRight";
				IPHONEOS_DEPLOYMENT_TARGET = 15.0;
				LD_RUNPATH_SEARCH_PATHS = (
					"$(inherited)",
					"@executable_path/Frameworks",
				);
				MARKETING_VERSION = 1.0;
				OTHER_LDFLAGS = (
					"-framework",
					SafariServices,
					"-framework",
					WebKit,
				);
				PRODUCT_BUNDLE_IDENTIFIER = net.hivecache.ios;
				PRODUCT_NAME = HiveCache;
				SDKROOT = iphoneos;
				STRING_CATALOG_GENERATE_SYMBOLS = YES;
				SWIFT_APPROACHABLE_CONCURRENCY = YES;
				SWIFT_DEFAULT_ACTOR_ISOLATION = MainActor;
				SWIFT_EMIT_LOC_STRINGS = YES;
				SWIFT_UPCOMING_FEATURE_MEMBER_IMPORT_VISIBILITY = YES;
				SWIFT_VERSION = 5.0;
				TARGETED_DEVICE_FAMILY = "1,2";
				VALIDATE_PRODUCT = YES;
			};
			name = Release;
		};
		029E16432F5C78D600141CC4 /* Debug */ = {
			isa = XCBuildConfiguration;
			buildSettings = {
				CODE_SIGN_STYLE = Automatic;
				CURRENT_PROJECT_VERSION = 1;
				ENABLE_APP_SANDBOX = YES;
				ENABLE_HARDENED_RUNTIME = YES;
				ENABLE_USER_SELECTED_FILES = readonly;
				GENERATE_INFOPLIST_FILE = YES;
				INFOPLIST_FILE = "macOS (Extension)/Info.plist";
				INFOPLIST_KEY_CFBundleDisplayName = "HiveCache Extension";
				INFOPLIST_KEY_NSHumanReadableCopyright = "";
				LD_RUNPATH_SEARCH_PATHS = (
					"$(inherited)",
					"@executable_path/../Frameworks",
					"@executable_path/../../../../Frameworks",
				);
				MACOSX_DEPLOYMENT_TARGET = 10.14;
				MARKETING_VERSION = 1.0;
				OTHER_LDFLAGS = (
					"-framework",
					SafariServices,
				);
				PRODUCT_BUNDLE_IDENTIFIER = net.hivecache.macos.extension;
				PRODUCT_NAME = "HiveCache Extension";
				SDKROOT = macosx;
				SKIP_INSTALL = YES;
				STRING_CATALOG_GENERATE_SYMBOLS = YES;
				SWIFT_APPROACHABLE_CONCURRENCY = YES;
				SWIFT_EMIT_LOC_STRINGS = YES;
				SWIFT_UPCOMING_FEATURE_MEMBER_IMPORT_VISIBILITY = YES;
				SWIFT_VERSION = 5.0;
			};
			name = Debug;
		};
		029E16442F5C78D600141CC4 /* Release */ = {
			isa = XCBuildConfiguration;
			buildSettings = {
				CODE_SIGN_STYLE = Automatic;
				CURRENT_PROJECT_VERSION = 1;
				ENABLE_APP_SANDBOX = YES;
				ENABLE_HARDENED_RUNTIME = YES;
				ENABLE_USER_SELECTED_FILES = readonly;
				GENERATE_INFOPLIST_FILE = YES;
				INFOPLIST_FILE = "macOS (Extension)/Info.plist";
				INFOPLIST_KEY_CFBundleDisplayName = "HiveCache Extension";
				INFOPLIST_KEY_NSHumanReadableCopyright = "";
				LD_RUNPATH_SEARCH_PATHS = (
					"$(inherited)",
					"@executable_path/../Frameworks",
					"@executable_path/../../../../Frameworks",
				);
				MACOSX_DEPLOYMENT_TARGET = 10.14;
				MARKETING_VERSION = 1.0;
				OTHER_LDFLAGS = (
					"-framework",
					SafariServices,
				);
				PRODUCT_BUNDLE_IDENTIFIER = net.hivecache.macos.extension;
				PRODUCT_NAME = "HiveCache Extension";
				SDKROOT = macosx;
				SKIP_INSTALL = YES;
				STRING_CATALOG_GENERATE_SYMBOLS = YES;
				SWIFT_APPROACHABLE_CONCURRENCY = YES;
				SWIFT_EMIT_LOC_STRINGS = YES;
				SWIFT_UPCOMING_FEATURE_MEMBER_IMPORT_VISIBILITY = YES;
				SWIFT_VERSION = 5.0;
			};
			name = Release;
		};
		029E16472F5C78D600141CC4 /* Debug */ = {
			isa = XCBuildConfiguration;
			buildSettings = {
				ASSETCATALOG_COMPILER_APPICON_NAME = icon;
				ASSETCATALOG_COMPILER_GLOBAL_ACCENT_COLOR_NAME = AccentColor;
				CODE_SIGN_STYLE = Automatic;
				CURRENT_PROJECT_VERSION = 1;
				ENABLE_APP_SANDBOX = YES;
				ENABLE_HARDENED_RUNTIME = YES;
				ENABLE_OUTGOING_NETWORK_CONNECTIONS = YES;
				ENABLE_USER_SELECTED_FILES = readonly;
				GENERATE_INFOPLIST_FILE = YES;
				INFOPLIST_FILE = "macOS (App)/Info.plist";
				INFOPLIST_KEY_CFBundleDisplayName = HiveCache;
				INFOPLIST_KEY_NSMainStoryboardFile = Main;
				INFOPLIST_KEY_NSPrincipalClass = NSApplication;
				LD_RUNPATH_SEARCH_PATHS = (
					"$(inherited)",
					"@executable_path/../Frameworks",
				);
				MACOSX_DEPLOYMENT_TARGET = 10.14;
				MARKETING_VERSION = 1.0;
				OTHER_LDFLAGS = (
					"-framework",
					SafariServices,
					"-framework",
					WebKit,
				);
				PRODUCT_BUNDLE_IDENTIFIER = net.hivecache.macos;
				PRODUCT_NAME = HiveCache;
				REGISTER_APP_GROUPS = YES;
				SDKROOT = macosx;
				STRING_CATALOG_GENERATE_SYMBOLS = YES;
				SWIFT_APPROACHABLE_CONCURRENCY = YES;
				SWIFT_DEFAULT_ACTOR_ISOLATION = MainActor;
				SWIFT_EMIT_LOC_STRINGS = YES;
				SWIFT_UPCOMING_FEATURE_MEMBER_IMPORT_VISIBILITY = YES;
				SWIFT_VERSION = 5.0;
			};
			name = Debug;
		};
		029E16482F5C78D600141CC4 /* Release */ = {
			isa = XCBuildConfiguration;
			buildSettings = {
				ASSETCATALOG_COMPILER_APPICON_NAME = icon;
				ASSETCATALOG_COMPILER_GLOBAL_ACCENT_COLOR_NAME = AccentColor;
				CODE_SIGN_STYLE = Automatic;
				CURRENT_PROJECT_VERSION = 1;
				ENABLE_APP_SANDBOX = YES;
				ENABLE_HARDENED_RUNTIME = YES;
				ENABLE_OUTGOING_NETWORK_CONNECTIONS = YES;
				ENABLE_USER_SELECTED_FILES = readonly;
				GENERATE_INFOPLIST_FILE = YES;
				INFOPLIST_FILE = "macOS (App)/Info.plist";
				INFOPLIST_KEY_CFBundleDisplayName = HiveCache;
				INFOPLIST_KEY_NSMainStoryboardFile = Main;
				INFOPLIST_KEY_NSPrincipalClass = NSApplication;
				LD_RUNPATH_SEARCH_PATHS = (
					"$(inherited)",
					"@executable_path/../Frameworks",
				);
				MACOSX_DEPLOYMENT_TARGET = 10.14;
				MARKETING_VERSION = 1.0;
				OTHER_LDFLAGS = (
					"-framework",
					SafariServices,
					"-framework",
					WebKit,
				);
				PRODUCT_BUNDLE_IDENTIFIER = net.hivecache.macos;
				PRODUCT_NAME = HiveCache;
				REGISTER_APP_GROUPS = YES;
				SDKROOT = macosx;
				STRING_CATALOG_GENERATE_SYMBOLS = YES;
				SWIFT_APPROACHABLE_CONCURRENCY = YES;
				SWIFT_DEFAULT_ACTOR_ISOLATION = MainActor;
				SWIFT_EMIT_LOC_STRINGS = YES;
				SWIFT_UPCOMING_FEATURE_MEMBER_IMPORT_VISIBILITY = YES;
				SWIFT_VERSION = 5.0;
			};
			name = Release;
		};
/* End XCBuildConfiguration section */

/* Begin XCConfigurationList section */
		029E15ED2F5C78D600141CC4 /* Build configuration list for PBXProject "HiveCache" */ = {
			isa = XCConfigurationList;
			buildConfigurations = (
				029E16392F5C78D600141CC4 /* Debug */,
				029E163A2F5C78D600141CC4 /* Release */,
			);
			defaultConfigurationIsVisible = 0;
			defaultConfigurationName = Release;
		};
		029E163B2F5C78D600141CC4 /* Build configuration list for PBXNativeTarget "HiveCache Extension (iOS)" */ = {
			isa = XCConfigurationList;
			buildConfigurations = (
				029E163C2F5C78D600141CC4 /* Debug */,
				029E163D2F5C78D600141CC4 /* Release */,
			);
			defaultConfigurationIsVisible = 0;
			defaultConfigurationName = Release;
		};
		029E163F2F5C78D600141CC4 /* Build configuration list for PBXNativeTarget "HiveCache (iOS)" */ = {
			isa = XCConfigurationList;
			buildConfigurations = (
				029E16402F5C78D600141CC4 /* Debug */,
				029E16412F5C78D600141CC4 /* Release */,
			);
			defaultConfigurationIsVisible = 0;
			defaultConfigurationName = Release;
		};
		029E16422F5C78D600141CC4 /* Build configuration list for PBXNativeTarget "HiveCache Extension (macOS)" */ = {
			isa = XCConfigurationList;
			buildConfigurations = (
				029E16432F5C78D600141CC4 /* Debug */,
				029E16442F5C78D600141CC4 /* Release */,
			);
			defaultConfigurationIsVisible = 0;
			defaultConfigurationName = Release;
		};
		029E16462F5C78D600141CC4 /* Build configuration list for PBXNativeTarget "HiveCache (macOS)" */ = {
			isa = XCConfigurationList;
			buildConfigurations = (
				029E16472F5C78D600141CC4 /* Debug */,
				029E16482F5C78D600141CC4 /* Release */,
			);
			defaultConfigurationIsVisible = 0;
			defaultConfigurationName = Release;
		};
/* End XCConfigurationList section */
	};
	rootObject = 029E15EA2F5C78D600141CC4 /* Project object */;
}
